{
  "originHash" : "e19368859abfe039b0ab376c5a4f2815c4adbb59e0b2343e0d1300fa59323e35",
  "pins" : [
    {
      "identity" : "theokit",
      "kind" : "remoteSourceControl",
      "location" : "https://github.com/theosementa/TheoKit",
      "state" : {
        "revision" : "3bfc75ced60c83e270ff9314d406d2cf67972a52",
        "version" : "1.0.7"
      }
    }
  ],
  "version" : 3
}
