{
  "originHash" : "e19368859abfe039b0ab376c5a4f2815c4adbb59e0b2343e0d1300fa59323e35",
  "pins" : [
    {
      "identity" : "theokit",
      "kind" : "remoteSourceControl",
      "location" : "https://github.com/theosementa/TheoKit",
      "state" : {
        "revision" : "afa967ba0754ace48977d164541de5d147cab192",
        "version" : "1.0.8"
      }
    }
  ],
  "version" : 3
}
