{
  "originHash" : "f7861b4ec62ba7cae593ed6d6aac637693a239a76743b31c2c3f2e4d7a4d4a11",
  "pins" : [
    {
      "identity" : "navigationkit",
      "kind" : "remoteSourceControl",
      "location" : "https://github.com/theosementa/NavigationKit",
      "state" : {
        "revision" : "7f11d08380bf080f4d494a40a6492758cead1320",
        "version" : "1.1.0"
      }
    },
    {
      "identity" : "theokit",
      "kind" : "remoteSourceControl",
      "location" : "https://github.com/theosementa/TheoKit",
      "state" : {
        "revision" : "3bfc75ced60c83e270ff9314d406d2cf67972a52",
        "version" : "1.0.7"
      }
    }
  ],
  "version" : 3
}
