// !$*UTF8*$!
{
	archiveVersion = 1;
	classes = {
	};
	objectVersion = 56;
	objects = {

/* Begin PBXBuildFile section */
		D92639FD2C3C5252004837E2 /* App.swift in Sources */ = {isa = PBXBuildFile; fileRef = D92639FC2C3C5252004837E2 /* App.swift */; };
		D9263A012C3C5253004837E2 /* Assets.xcassets in Resources */ = {isa = PBXBuildFile; fileRef = D9263A002C3C5253004837E2 /* Assets.xcassets */; };
		D9263A042C3C5253004837E2 /* Preview Assets.xcassets in Resources */ = {isa = PBXBuildFile; fileRef = D9263A032C3C5253004837E2 /* Preview Assets.xcassets */; };
		D9263A0E2C3C52F1004837E2 /* HomeView.swift in Sources */ = {isa = PBXBuildFile; fileRef = D9263A0D2C3C52F1004837E2 /* HomeView.swift */; };
		D9263A112C3C5351004837E2 /* HealthManager.swift in Sources */ = {isa = PBXBuildFile; fileRef = D9263A102C3C5351004837E2 /* HealthManager.swift */; };
		D9263A142C3C537A004837E2 /* CyclingActivity.swift in Sources */ = {isa = PBXBuildFile; fileRef = D9263A132C3C537A004837E2 /* CyclingActivity.swift */; };
		D9263A172C3C541E004837E2 /* Date+Extensions.swift in Sources */ = {isa = PBXBuildFile; fileRef = D9263A162C3C541E004837E2 /* Date+Extensions.swift */; };
		D9263A1A2C3C5462004837E2 /* ActivityTarget.swift in Sources */ = {isa = PBXBuildFile; fileRef = D9263A192C3C5462004837E2 /* ActivityTarget.swift */; };
		D9263A1C2C3C5479004837E2 /* WorkoutMetadataKey.swift in Sources */ = {isa = PBXBuildFile; fileRef = D9263A1B2C3C5479004837E2 /* WorkoutMetadataKey.swift */; };
		D9263A1F2C3C54F1004837E2 /* BackgroundComponentViewModifier.swift in Sources */ = {isa = PBXBuildFile; fileRef = D9263A1E2C3C54F1004837E2 /* BackgroundComponentViewModifier.swift */; };
		D9263A212C3C550A004837E2 /* Color+Extensions.swift in Sources */ = {isa = PBXBuildFile; fileRef = D9263A202C3C550A004837E2 /* Color+Extensions.swift */; };
		D9263A242C3C5545004837E2 /* CyclingTargetView.swift in Sources */ = {isa = PBXBuildFile; fileRef = D9263A232C3C5545004837E2 /* CyclingTargetView.swift */; };
		D9263A262C3C55BD004837E2 /* Double+Extensions.swift in Sources */ = {isa = PBXBuildFile; fileRef = D9263A252C3C55BD004837E2 /* Double+Extensions.swift */; };
		D9263A282C3C5657004837E2 /* SelectPeriodButtons.swift in Sources */ = {isa = PBXBuildFile; fileRef = D9263A272C3C5657004837E2 /* SelectPeriodButtons.swift */; };
		D9263A2A2C3C569F004837E2 /* CyclingStatsView.swift in Sources */ = {isa = PBXBuildFile; fileRef = D9263A292C3C569F004837E2 /* CyclingStatsView.swift */; };
		D958A5F22C3D934B004C2A1D /* CyclingChartsView.swift in Sources */ = {isa = PBXBuildFile; fileRef = D958A5F12C3D934B004C2A1D /* CyclingChartsView.swift */; };
		D958A5F42C3DB935004C2A1D /* ActivityRow.swift in Sources */ = {isa = PBXBuildFile; fileRef = D958A5F32C3DB935004C2A1D /* ActivityRow.swift */; };
/* End PBXBuildFile section */

/* Begin PBXFileReference section */
		D92639F92C3C5252004837E2 /* CycloStats.app */ = {isa = PBXFileReference; explicitFileType = wrapper.application; includeInIndex = 0; path = CycloStats.app; sourceTree = BUILT_PRODUCTS_DIR; };
		D92639FC2C3C5252004837E2 /* App.swift */ = {isa = PBXFileReference; lastKnownFileType = sourcecode.swift; path = App.swift; sourceTree = "<group>"; };
		D9263A002C3C5253004837E2 /* Assets.xcassets */ = {isa = PBXFileReference; lastKnownFileType = folder.assetcatalog; path = Assets.xcassets; sourceTree = "<group>"; };
		D9263A032C3C5253004837E2 /* Preview Assets.xcassets */ = {isa = PBXFileReference; lastKnownFileType = folder.assetcatalog; path = "Preview Assets.xcassets"; sourceTree = "<group>"; };
		D9263A0D2C3C52F1004837E2 /* HomeView.swift */ = {isa = PBXFileReference; lastKnownFileType = sourcecode.swift; path = HomeView.swift; sourceTree = "<group>"; };
		D9263A102C3C5351004837E2 /* HealthManager.swift */ = {isa = PBXFileReference; lastKnownFileType = sourcecode.swift; path = HealthManager.swift; sourceTree = "<group>"; };
		D9263A132C3C537A004837E2 /* CyclingActivity.swift */ = {isa = PBXFileReference; lastKnownFileType = sourcecode.swift; path = CyclingActivity.swift; sourceTree = "<group>"; };
		D9263A162C3C541E004837E2 /* Date+Extensions.swift */ = {isa = PBXFileReference; lastKnownFileType = sourcecode.swift; path = "Date+Extensions.swift"; sourceTree = "<group>"; };
		D9263A192C3C5462004837E2 /* ActivityTarget.swift */ = {isa = PBXFileReference; lastKnownFileType = sourcecode.swift; path = ActivityTarget.swift; sourceTree = "<group>"; };
		D9263A1B2C3C5479004837E2 /* WorkoutMetadataKey.swift */ = {isa = PBXFileReference; lastKnownFileType = sourcecode.swift; path = WorkoutMetadataKey.swift; sourceTree = "<group>"; };
		D9263A1E2C3C54F1004837E2 /* BackgroundComponentViewModifier.swift */ = {isa = PBXFileReference; lastKnownFileType = sourcecode.swift; path = BackgroundComponentViewModifier.swift; sourceTree = "<group>"; };
		D9263A202C3C550A004837E2 /* Color+Extensions.swift */ = {isa = PBXFileReference; lastKnownFileType = sourcecode.swift; path = "Color+Extensions.swift"; sourceTree = "<group>"; };
		D9263A232C3C5545004837E2 /* CyclingTargetView.swift */ = {isa = PBXFileReference; lastKnownFileType = sourcecode.swift; path = CyclingTargetView.swift; sourceTree = "<group>"; };
		D9263A252C3C55BD004837E2 /* Double+Extensions.swift */ = {isa = PBXFileReference; lastKnownFileType = sourcecode.swift; path = "Double+Extensions.swift"; sourceTree = "<group>"; };
		D9263A272C3C5657004837E2 /* SelectPeriodButtons.swift */ = {isa = PBXFileReference; lastKnownFileType = sourcecode.swift; path = SelectPeriodButtons.swift; sourceTree = "<group>"; };
		D9263A292C3C569F004837E2 /* CyclingStatsView.swift */ = {isa = PBXFileReference; lastKnownFileType = sourcecode.swift; path = CyclingStatsView.swift; sourceTree = "<group>"; };
		D9263A2B2C3C5BC4004837E2 /* CycloStats.entitlements */ = {isa = PBXFileReference; lastKnownFileType = text.plist.entitlements; path = CycloStats.entitlements; sourceTree = "<group>"; };
		D958A5F12C3D934B004C2A1D /* CyclingChartsView.swift */ = {isa = PBXFileReference; lastKnownFileType = sourcecode.swift; path = CyclingChartsView.swift; sourceTree = "<group>"; };
		D958A5F32C3DB935004C2A1D /* ActivityRow.swift */ = {isa = PBXFileReference; lastKnownFileType = sourcecode.swift; path = ActivityRow.swift; sourceTree = "<group>"; };
/* End PBXFileReference section */

/* Begin PBXFrameworksBuildPhase section */
		D92639F62C3C5252004837E2 /* Frameworks */ = {
			isa = PBXFrameworksBuildPhase;
			buildActionMask = 2147483647;
			files = (
			);
			runOnlyForDeploymentPostprocessing = 0;
		};
/* End PBXFrameworksBuildPhase section */

/* Begin PBXGroup section */
		D92639F02C3C5252004837E2 = {
			isa = PBXGroup;
			children = (
				D92639FB2C3C5252004837E2 /* CycloStats */,
				D92639FA2C3C5252004837E2 /* Products */,
			);
			sourceTree = "<group>";
		};
		D92639FA2C3C5252004837E2 /* Products */ = {
			isa = PBXGroup;
			children = (
				D92639F92C3C5252004837E2 /* CycloStats.app */,
			);
			name = Products;
			sourceTree = "<group>";
		};
		D92639FB2C3C5252004837E2 /* CycloStats */ = {
			isa = PBXGroup;
			children = (
				D9263A2B2C3C5BC4004837E2 /* CycloStats.entitlements */,
				D92639FC2C3C5252004837E2 /* App.swift */,
				D9263A0A2C3C52C3004837E2 /* Views */,
				D9263A222C3C552D004837E2 /* Components */,
				D9263A122C3C5364004837E2 /* Model */,
				D9263A0B2C3C52CA004837E2 /* Resources */,
				D9263A022C3C5253004837E2 /* Preview Content */,
			);
			path = CycloStats;
			sourceTree = "<group>";
		};
		D9263A022C3C5253004837E2 /* Preview Content */ = {
			isa = PBXGroup;
			children = (
				D9263A032C3C5253004837E2 /* Preview Assets.xcassets */,
			);
			path = "Preview Content";
			sourceTree = "<group>";
		};
		D9263A0A2C3C52C3004837E2 /* Views */ = {
			isa = PBXGroup;
			children = (
				D9263A0D2C3C52F1004837E2 /* HomeView.swift */,
			);
			path = Views;
			sourceTree = "<group>";
		};
		D9263A0B2C3C52CA004837E2 /* Resources */ = {
			isa = PBXGroup;
			children = (
				D9263A0C2C3C52DD004837E2 /* Assets */,
				D9263A152C3C540B004837E2 /* Extensions */,
				D9263A0F2C3C5345004837E2 /* Managers */,
				D9263A1D2C3C548E004837E2 /* Modifiers */,
				D9263A182C3C5448004837E2 /* Utils */,
			);
			path = Resources;
			sourceTree = "<group>";
		};
		D9263A0C2C3C52DD004837E2 /* Assets */ = {
			isa = PBXGroup;
			children = (
				D9263A002C3C5253004837E2 /* Assets.xcassets */,
			);
			path = Assets;
			sourceTree = "<group>";
		};
		D9263A0F2C3C5345004837E2 /* Managers */ = {
			isa = PBXGroup;
			children = (
				D9263A102C3C5351004837E2 /* HealthManager.swift */,
			);
			path = Managers;
			sourceTree = "<group>";
		};
		D9263A122C3C5364004837E2 /* Model */ = {
			isa = PBXGroup;
			children = (
				D9263A132C3C537A004837E2 /* CyclingActivity.swift */,
			);
			path = Model;
			sourceTree = "<group>";
		};
		D9263A152C3C540B004837E2 /* Extensions */ = {
			isa = PBXGroup;
			children = (
				D9263A202C3C550A004837E2 /* Color+Extensions.swift */,
				D9263A162C3C541E004837E2 /* Date+Extensions.swift */,
				D9263A252C3C55BD004837E2 /* Double+Extensions.swift */,
			);
			path = Extensions;
			sourceTree = "<group>";
		};
		D9263A182C3C5448004837E2 /* Utils */ = {
			isa = PBXGroup;
			children = (
				D9263A192C3C5462004837E2 /* ActivityTarget.swift */,
				D9263A1B2C3C5479004837E2 /* WorkoutMetadataKey.swift */,
			);
			path = Utils;
			sourceTree = "<group>";
		};
		D9263A1D2C3C548E004837E2 /* Modifiers */ = {
			isa = PBXGroup;
			children = (
				D9263A1E2C3C54F1004837E2 /* BackgroundComponentViewModifier.swift */,
			);
			path = Modifiers;
			sourceTree = "<group>";
		};
		D9263A222C3C552D004837E2 /* Components */ = {
			isa = PBXGroup;
			children = (
				D9263A292C3C569F004837E2 /* CyclingStatsView.swift */,
				D9263A232C3C5545004837E2 /* CyclingTargetView.swift */,
				D9263A272C3C5657004837E2 /* SelectPeriodButtons.swift */,
				D958A5F12C3D934B004C2A1D /* CyclingChartsView.swift */,
				D958A5F32C3DB935004C2A1D /* ActivityRow.swift */,
			);
			path = Components;
			sourceTree = "<group>";
		};
/* End PBXGroup section */

/* Begin PBXNativeTarget section */
		D92639F82C3C5252004837E2 /* CycloStats */ = {
			isa = PBXNativeTarget;
			buildConfigurationList = D9263A072C3C5253004837E2 /* Build configuration list for PBXNativeTarget "CycloStats" */;
			buildPhases = (
				D92639F52C3C5252004837E2 /* Sources */,
				D92639F62C3C5252004837E2 /* Frameworks */,
				D92639F72C3C5252004837E2 /* Resources */,
			);
			buildRules = (
			);
			dependencies = (
			);
			name = CycloStats;
			productName = CycloStats;
			productReference = D92639F92C3C5252004837E2 /* CycloStats.app */;
			productType = "com.apple.product-type.application";
		};
/* End PBXNativeTarget section */

/* Begin PBXProject section */
		D92639F12C3C5252004837E2 /* Project object */ = {
			isa = PBXProject;
			attributes = {
				BuildIndependentTargetsInParallel = 1;
				LastSwiftUpdateCheck = 1540;
				LastUpgradeCheck = 1540;
				TargetAttributes = {
					D92639F82C3C5252004837E2 = {
						CreatedOnToolsVersion = 15.4;
					};
				};
			};
			buildConfigurationList = D92639F42C3C5252004837E2 /* Build configuration list for PBXProject "CycloStats" */;
			compatibilityVersion = "Xcode 14.0";
			developmentRegion = en;
			hasScannedForEncodings = 0;
			knownRegions = (
				en,
				Base,
			);
			mainGroup = D92639F02C3C5252004837E2;
			productRefGroup = D92639FA2C3C5252004837E2 /* Products */;
			projectDirPath = "";
			projectRoot = "";
			targets = (
				D92639F82C3C5252004837E2 /* CycloStats */,
			);
		};
/* End PBXProject section */

/* Begin PBXResourcesBuildPhase section */
		D92639F72C3C5252004837E2 /* Resources */ = {
			isa = PBXResourcesBuildPhase;
			buildActionMask = 2147483647;
			files = (
				D9263A042C3C5253004837E2 /* Preview Assets.xcassets in Resources */,
				D9263A012C3C5253004837E2 /* Assets.xcassets in Resources */,
			);
			runOnlyForDeploymentPostprocessing = 0;
		};
/* End PBXResourcesBuildPhase section */

/* Begin PBXSourcesBuildPhase section */
		D92639F52C3C5252004837E2 /* Sources */ = {
			isa = PBXSourcesBuildPhase;
			buildActionMask = 2147483647;
			files = (
				D9263A0E2C3C52F1004837E2 /* HomeView.swift in Sources */,
				D9263A242C3C5545004837E2 /* CyclingTargetView.swift in Sources */,
				D9263A1C2C3C5479004837E2 /* WorkoutMetadataKey.swift in Sources */,
				D958A5F22C3D934B004C2A1D /* CyclingChartsView.swift in Sources */,
				D9263A212C3C550A004837E2 /* Color+Extensions.swift in Sources */,
				D958A5F42C3DB935004C2A1D /* ActivityRow.swift in Sources */,
				D9263A1A2C3C5462004837E2 /* ActivityTarget.swift in Sources */,
				D9263A112C3C5351004837E2 /* HealthManager.swift in Sources */,
				D9263A282C3C5657004837E2 /* SelectPeriodButtons.swift in Sources */,
				D9263A142C3C537A004837E2 /* CyclingActivity.swift in Sources */,
				D9263A2A2C3C569F004837E2 /* CyclingStatsView.swift in Sources */,
				D9263A1F2C3C54F1004837E2 /* BackgroundComponentViewModifier.swift in Sources */,
				D9263A172C3C541E004837E2 /* Date+Extensions.swift in Sources */,
				D9263A262C3C55BD004837E2 /* Double+Extensions.swift in Sources */,
				D92639FD2C3C5252004837E2 /* App.swift in Sources */,
			);
			runOnlyForDeploymentPostprocessing = 0;
		};
/* End PBXSourcesBuildPhase section */

/* Begin XCBuildConfiguration section */
		D9263A052C3C5253004837E2 /* Debug */ = {
			isa = XCBuildConfiguration;
			buildSettings = {
				ALWAYS_SEARCH_USER_PATHS = NO;
				ASSETCATALOG_COMPILER_GENERATE_SWIFT_ASSET_SYMBOL_EXTENSIONS = YES;
				CLANG_ANALYZER_NONNULL = YES;
				CLANG_ANALYZER_NUMBER_OBJECT_CONVERSION = YES_AGGRESSIVE;
				CLANG_CXX_LANGUAGE_STANDARD = "gnu++20";
				CLANG_ENABLE_MODULES = YES;
				CLANG_ENABLE_OBJC_ARC = YES;
				CLANG_ENABLE_OBJC_WEAK = YES;
				CLANG_WARN_BLOCK_CAPTURE_AUTORELEASING = YES;
				CLANG_WARN_BOOL_CONVERSION = YES;
				CLANG_WARN_COMMA = YES;
				CLANG_WARN_CONSTANT_CONVERSION = YES;
				CLANG_WARN_DEPRECATED_OBJC_IMPLEMENTATIONS = YES;
				CLANG_WARN_DIRECT_OBJC_ISA_USAGE = YES_ERROR;
				CLANG_WARN_DOCUMENTATION_COMMENTS = YES;
				CLANG_WARN_EMPTY_BODY = YES;
				CLANG_WARN_ENUM_CONVERSION = YES;
				CLANG_WARN_INFINITE_RECURSION = YES;
				CLANG_WARN_INT_CONVERSION = YES;
				CLANG_WARN_NON_LITERAL_NULL_CONVERSION = YES;
				CLANG_WARN_OBJC_IMPLICIT_RETAIN_SELF = YES;
				CLANG_WARN_OBJC_LITERAL_CONVERSION = YES;
				CLANG_WARN_OBJC_ROOT_CLASS = YES_ERROR;
				CLANG_WARN_QUOTED_INCLUDE_IN_FRAMEWORK_HEADER = YES;
				CLANG_WARN_RANGE_LOOP_ANALYSIS = YES;
				CLANG_WARN_STRICT_PROTOTYPES = YES;
				CLANG_WARN_SUSPICIOUS_MOVE = YES;
				CLANG_WARN_UNGUARDED_AVAILABILITY = YES_AGGRESSIVE;
				CLANG_WARN_UNREACHABLE_CODE = YES;
				CLANG_WARN__DUPLICATE_METHOD_MATCH = YES;
				COPY_PHASE_STRIP = NO;
				DEBUG_INFORMATION_FORMAT = dwarf;
				ENABLE_STRICT_OBJC_MSGSEND = YES;
				ENABLE_TESTABILITY = YES;
				ENABLE_USER_SCRIPT_SANDBOXING = YES;
				GCC_C_LANGUAGE_STANDARD = gnu17;
				GCC_DYNAMIC_NO_PIC = NO;
				GCC_NO_COMMON_BLOCKS = YES;
				GCC_OPTIMIZATION_LEVEL = 0;
				GCC_PREPROCESSOR_DEFINITIONS = (
					"DEBUG=1",
					"$(inherited)",
				);
				GCC_WARN_64_TO_32_BIT_CONVERSION = YES;
				GCC_WARN_ABOUT_RETURN_TYPE = YES_ERROR;
				GCC_WARN_UNDECLARED_SELECTOR = YES;
				GCC_WARN_UNINITIALIZED_AUTOS = YES_AGGRESSIVE;
				GCC_WARN_UNUSED_FUNCTION = YES;
				GCC_WARN_UNUSED_VARIABLE = YES;
				IPHONEOS_DEPLOYMENT_TARGET = 17.0;
				LOCALIZATION_PREFERS_STRING_CATALOGS = YES;
				MTL_ENABLE_DEBUG_INFO = INCLUDE_SOURCE;
				MTL_FAST_MATH = YES;
				ONLY_ACTIVE_ARCH = YES;
				SDKROOT = iphoneos;
				SWIFT_ACTIVE_COMPILATION_CONDITIONS = "DEBUG $(inherited)";
				SWIFT_OPTIMIZATION_LEVEL = "-Onone";
			};
			name = Debug;
		};
		D9263A062C3C5253004837E2 /* Release */ = {
			isa = XCBuildConfiguration;
			buildSettings = {
				ALWAYS_SEARCH_USER_PATHS = NO;
				ASSETCATALOG_COMPILER_GENERATE_SWIFT_ASSET_SYMBOL_EXTENSIONS = YES;
				CLANG_ANALYZER_NONNULL = YES;
				CLANG_ANALYZER_NUMBER_OBJECT_CONVERSION = YES_AGGRESSIVE;
				CLANG_CXX_LANGUAGE_STANDARD = "gnu++20";
				CLANG_ENABLE_MODULES = YES;
				CLANG_ENABLE_OBJC_ARC = YES;
				CLANG_ENABLE_OBJC_WEAK = YES;
				CLANG_WARN_BLOCK_CAPTURE_AUTORELEASING = YES;
				CLANG_WARN_BOOL_CONVERSION = YES;
				CLANG_WARN_COMMA = YES;
				CLANG_WARN_CONSTANT_CONVERSION = YES;
				CLANG_WARN_DEPRECATED_OBJC_IMPLEMENTATIONS = YES;
				CLANG_WARN_DIRECT_OBJC_ISA_USAGE = YES_ERROR;
				CLANG_WARN_DOCUMENTATION_COMMENTS = YES;
				CLANG_WARN_EMPTY_BODY = YES;
				CLANG_WARN_ENUM_CONVERSION = YES;
				CLANG_WARN_INFINITE_RECURSION = YES;
				CLANG_WARN_INT_CONVERSION = YES;
				CLANG_WARN_NON_LITERAL_NULL_CONVERSION = YES;
				CLANG_WARN_OBJC_IMPLICIT_RETAIN_SELF = YES;
				CLANG_WARN_OBJC_LITERAL_CONVERSION = YES;
				CLANG_WARN_OBJC_ROOT_CLASS = YES_ERROR;
				CLANG_WARN_QUOTED_INCLUDE_IN_FRAMEWORK_HEADER = YES;
				CLANG_WARN_RANGE_LOOP_ANALYSIS = YES;
				CLANG_WARN_STRICT_PROTOTYPES = YES;
				CLANG_WARN_SUSPICIOUS_MOVE = YES;
				CLANG_WARN_UNGUARDED_AVAILABILITY = YES_AGGRESSIVE;
				CLANG_WARN_UNREACHABLE_CODE = YES;
				CLANG_WARN__DUPLICATE_METHOD_MATCH = YES;
				COPY_PHASE_STRIP = NO;
				DEBUG_INFORMATION_FORMAT = "dwarf-with-dsym";
				ENABLE_NS_ASSERTIONS = NO;
				ENABLE_STRICT_OBJC_MSGSEND = YES;
				ENABLE_USER_SCRIPT_SANDBOXING = YES;
				GCC_C_LANGUAGE_STANDARD = gnu17;
				GCC_NO_COMMON_BLOCKS = YES;
				GCC_WARN_64_TO_32_BIT_CONVERSION = YES;
				GCC_WARN_ABOUT_RETURN_TYPE = YES_ERROR;
				GCC_WARN_UNDECLARED_SELECTOR = YES;
				GCC_WARN_UNINITIALIZED_AUTOS = YES_AGGRESSIVE;
				GCC_WARN_UNUSED_FUNCTION = YES;
				GCC_WARN_UNUSED_VARIABLE = YES;
				IPHONEOS_DEPLOYMENT_TARGET = 17.0;
				LOCALIZATION_PREFERS_STRING_CATALOGS = YES;
				MTL_ENABLE_DEBUG_INFO = NO;
				MTL_FAST_MATH = YES;
				SDKROOT = iphoneos;
				SWIFT_COMPILATION_MODE = wholemodule;
				VALIDATE_PRODUCT = YES;
			};
			name = Release;
		};
		D9263A082C3C5253004837E2 /* Debug */ = {
			isa = XCBuildConfiguration;
			buildSettings = {
				ASSETCATALOG_COMPILER_APPICON_NAME = AppIcon;
				ASSETCATALOG_COMPILER_GLOBAL_ACCENT_COLOR_NAME = AccentColor;
				CODE_SIGN_ENTITLEMENTS = CycloStats/CycloStats.entitlements;
				CODE_SIGN_STYLE = Automatic;
				CURRENT_PROJECT_VERSION = 1;
				DEVELOPMENT_ASSET_PATHS = "\"CycloStats/Preview Content\"";
				DEVELOPMENT_TEAM = 8TMMB69WBG;
				ENABLE_PREVIEWS = YES;
				GENERATE_INFOPLIST_FILE = YES;
				INFOPLIST_KEY_CFBundleDisplayName = "Cyclo Stats";
				INFOPLIST_KEY_NSHealthShareUsageDescription = "CycloStats need access for display stats";
				INFOPLIST_KEY_UIApplicationSceneManifest_Generation = YES;
				INFOPLIST_KEY_UIApplicationSupportsIndirectInputEvents = YES;
				INFOPLIST_KEY_UILaunchScreen_Generation = YES;
				INFOPLIST_KEY_UISupportedInterfaceOrientations = UIInterfaceOrientationPortrait;
				INFOPLIST_KEY_UISupportedInterfaceOrientations_iPad = "UIInterfaceOrientationLandscapeLeft UIInterfaceOrientationLandscapeRight UIInterfaceOrientationPortrait UIInterfaceOrientationPortraitUpsideDown";
				IPHONEOS_DEPLOYMENT_TARGET = 17.0;
				LD_RUNPATH_SEARCH_PATHS = (
					"$(inherited)",
					"@executable_path/Frameworks",
				);
				MARKETING_VERSION = 1.0;
				PRODUCT_BUNDLE_IDENTIFIER = sementa.com.CycloStats;
				PRODUCT_NAME = "$(TARGET_NAME)";
				SUPPORTED_PLATFORMS = "iphoneos iphonesimulator";
				SUPPORTS_MACCATALYST = NO;
				SUPPORTS_MAC_DESIGNED_FOR_IPHONE_IPAD = NO;
				SUPPORTS_XR_DESIGNED_FOR_IPHONE_IPAD = NO;
				SWIFT_EMIT_LOC_STRINGS = YES;
				SWIFT_VERSION = 5.0;
				TARGETED_DEVICE_FAMILY = 1;
			};
			name = Debug;
		};
		D9263A092C3C5253004837E2 /* Release */ = {
			isa = XCBuildConfiguration;
			buildSettings = {
				ASSETCATALOG_COMPILER_APPICON_NAME = AppIcon;
				ASSETCATALOG_COMPILER_GLOBAL_ACCENT_COLOR_NAME = AccentColor;
				CODE_SIGN_ENTITLEMENTS = CycloStats/CycloStats.entitlements;
				CODE_SIGN_STYLE = Automatic;
				CURRENT_PROJECT_VERSION = 1;
				DEVELOPMENT_ASSET_PATHS = "\"CycloStats/Preview Content\"";
				DEVELOPMENT_TEAM = 8TMMB69WBG;
				ENABLE_PREVIEWS = YES;
				GENERATE_INFOPLIST_FILE = YES;
				INFOPLIST_KEY_CFBundleDisplayName = "Cyclo Stats";
				INFOPLIST_KEY_NSHealthShareUsageDescription = "CycloStats need access for display stats";
				INFOPLIST_KEY_UIApplicationSceneManifest_Generation = YES;
				INFOPLIST_KEY_UIApplicationSupportsIndirectInputEvents = YES;
				INFOPLIST_KEY_UILaunchScreen_Generation = YES;
				INFOPLIST_KEY_UISupportedInterfaceOrientations = UIInterfaceOrientationPortrait;
				INFOPLIST_KEY_UISupportedInterfaceOrientations_iPad = "UIInterfaceOrientationLandscapeLeft UIInterfaceOrientationLandscapeRight UIInterfaceOrientationPortrait UIInterfaceOrientationPortraitUpsideDown";
				IPHONEOS_DEPLOYMENT_TARGET = 17.0;
				LD_RUNPATH_SEARCH_PATHS = (
					"$(inherited)",
					"@executable_path/Frameworks",
				);
				MARKETING_VERSION = 1.0;
				PRODUCT_BUNDLE_IDENTIFIER = sementa.com.CycloStats;
				PRODUCT_NAME = "$(TARGET_NAME)";
				SUPPORTED_PLATFORMS = "iphoneos iphonesimulator";
				SUPPORTS_MACCATALYST = NO;
				SUPPORTS_MAC_DESIGNED_FOR_IPHONE_IPAD = NO;
				SUPPORTS_XR_DESIGNED_FOR_IPHONE_IPAD = NO;
				SWIFT_EMIT_LOC_STRINGS = YES;
				SWIFT_VERSION = 5.0;
				TARGETED_DEVICE_FAMILY = 1;
			};
			name = Release;
		};
/* End XCBuildConfiguration section */

/* Begin XCConfigurationList section */
		D92639F42C3C5252004837E2 /* Build configuration list for PBXProject "CycloStats" */ = {
			isa = XCConfigurationList;
			buildConfigurations = (
				D9263A052C3C5253004837E2 /* Debug */,
				D9263A062C3C5253004837E2 /* Release */,
			);
			defaultConfigurationIsVisible = 0;
			defaultConfigurationName = Release;
		};
		D9263A072C3C5253004837E2 /* Build configuration list for PBXNativeTarget "CycloStats" */ = {
			isa = XCConfigurationList;
			buildConfigurations = (
				D9263A082C3C5253004837E2 /* Debug */,
				D9263A092C3C5253004837E2 /* Release */,
			);
			defaultConfigurationIsVisible = 0;
			defaultConfigurationName = Release;
		};
/* End XCConfigurationList section */
	};
	rootObject = D92639F12C3C5252004837E2 /* Project object */;
}
